{
  "name": "client",
  "version": "1.0.0",
  "lockfileVersion": 1,
  "dependencies": {
    "c3": {
      "version": "git://github.com/c3js/c3.git#16f7be28ceb35c16348299a934a4e2a2c0930b54",
      "integrity": "sha1-HEh2/ClJi/cwpgyc29DfWslalkc="
    },
    "d3": {
      "version": "https://registry.npmjs.org/d3/-/d3-3.5.17.tgz",
      "integrity": "sha1-vEZ0gAQ3iyGjYMn8fPUjF5B2L7g="
    },
    "dom-walk": {
      "version": "https://registry.npmjs.org/dom-walk/-/dom-walk-0.1.1.tgz",
      "integrity": "sha1-ZyIm3HTI95mtNTB9+TaroRrNYBg="
    },
    "for-each": {
      "version": "https://registry.npmjs.org/for-each/-/for-each-0.3.2.tgz",
      "integrity": "sha1-LEBFC5NI6X8oEyJZO6lnBLmr1NQ="
    },
    "global": {
      "version": "https://registry.npmjs.org/global/-/global-4.3.2.tgz",
      "integrity": "sha1-52mJJopsdMOJCLEwWxD8DjlOnQ8=",
      "dependencies": {
        "process": {
          "version": "https://registry.npmjs.org/process/-/process-0.5.2.tgz",
          "integrity": "sha1-FjjYqONML0QKkduVq5rrZ3/Bhc8="
        }
      }
    },
    "is-function": {
      "version": "https://registry.npmjs.org/is-function/-/is-function-1.0.1.tgz",
      "integrity": "sha1-Es+5i2W1fdPRk6MSH19uL0N2ArU="
    },
    "min-document": {
      "version": "https://registry.npmjs.org/min-document/-/min-document-2.19.0.tgz",
      "integrity": "sha1-e9KC4/WELtKVu3SM3Z8f+iyCRoU="
    },
    "parse-headers": {
      "version": "https://registry.npmjs.org/parse-headers/-/parse-headers-2.0.1.tgz",
      "integrity": "sha1-aug6eqJanZtwCswoaYzR8e1+lTY="
    },
    "prettier": {
      "version": "https://registry.npmjs.org/prettier/-/prettier-1.4.4.tgz",
      "integrity": "sha1-qNFEexTJv2fm1CDcrdEPuaT61lo=",
      "dev": true
    },
    "tachyons": {
      "version": "https://registry.npmjs.org/tachyons/-/tachyons-4.7.4.tgz",
      "integrity": "sha1-7KT/oVwfBqNX8IjG0OaH/F8ECMw="
    },
    "trim": {
      "version": "https://registry.npmjs.org/trim/-/trim-0.0.1.tgz",
      "integrity": "sha1-WFhUf2spB1fulczMZm+1AITEYN0="
    },
    "validator": {
      "version": "https://registry.npmjs.org/validator/-/validator-7.1.0.tgz",
      "integrity": "sha1-MxaVr8fm1y+YC93WiqKW1rPWyLY="
    },
    "xhr": {
      "version": "https://registry.npmjs.org/xhr/-/xhr-2.4.0.tgz",
      "integrity": "sha1-4W5mpF+GmGHu76tBbV7/ci3ECZM="
    },
    "xtend": {
      "version": "https://registry.npmjs.org/xtend/-/xtend-4.0.1.tgz",
      "integrity": "sha1-pcbVMr5lbiPbgg77lDofBJmNY68="
    }
  }
}
